// !$*UTF8*$!
{
	archiveVersion = 1;
	classes = {
	};
	objectVersion = 56;
	objects = {

/* Begin PBXBuildFile section */
		199BF6A52A6D5698007A0C2A /* main.swift in Sources */ = {isa = PBXBuildFile; fileRef = 199BF6A42A6D5698007A0C2A /* main.swift */; };
		199BF6AE2A6D59F1007A0C2A /* Animal.swift in Sources */ = {isa = PBXBuildFile; fileRef = 199BF6AD2A6D59F1007A0C2A /* Animal.swift */; };
		199BF6B02A6D59FA007A0C2A /* Food.swift in Sources */ = {isa = PBXBuildFile; fileRef = 199BF6AF2A6D59FA007A0C2A /* Food.swift */; };
		199BF6B32A6D5A24007A0C2A /* Chicken.swift in Sources */ = {isa = PBXBuildFile; fileRef = 199BF6B22A6D5A24007A0C2A /* Chicken.swift */; };
		199BF6B52A6D5A30007A0C2A /* Cow.swift in Sources */ = {isa = PBXBuildFile; fileRef = 199BF6B42A6D5A30007A0C2A /* Cow.swift */; };
		199BF6B72A6D5A42007A0C2A /* Egg.swift in Sources */ = {isa = PBXBuildFile; fileRef = 199BF6B62A6D5A42007A0C2A /* Egg.swift */; };
		199BF6B92A6D5A4E007A0C2A /* Milk.swift in Sources */ = {isa = PBXBuildFile; fileRef = 199BF6B82A6D5A4E007A0C2A /* Milk.swift */; };
		199BF6BB2A6D5CFD007A0C2A /* Farm.swift in Sources */ = {isa = PBXBuildFile; fileRef = 199BF6BA2A6D5CFD007A0C2A /* Farm.swift */; };
		199BF6BD2A6D5FFD007A0C2A /* AnimalFeed.swift in Sources */ = {isa = PBXBuildFile; fileRef = 199BF6BC2A6D5FFD007A0C2A /* AnimalFeed.swift */; };
		199BF6BF2A6D603F007A0C2A /* Scratch.swift in Sources */ = {isa = PBXBuildFile; fileRef = 199BF6BE2A6D603F007A0C2A /* Scratch.swift */; };
		199BF6C12A6D607E007A0C2A /* Hay.swift in Sources */ = {isa = PBXBuildFile; fileRef = 199BF6C02A6D607E007A0C2A /* Hay.swift */; };
		199BF6C32A6D6A20007A0C2A /* Crop.swift in Sources */ = {isa = PBXBuildFile; fileRef = 199BF6C22A6D6A20007A0C2A /* Crop.swift */; };
		199BF6C52A6D6DBE007A0C2A /* Alfalfa.swift in Sources */ = {isa = PBXBuildFile; fileRef = 199BF6C42A6D6DBE007A0C2A /* Alfalfa.swift */; };
		199BF6C72A6D6F3E007A0C2A /* Millet.swift in Sources */ = {isa = PBXBuildFile; fileRef = 199BF6C62A6D6F3E007A0C2A /* Millet.swift */; };
/* End PBXBuildFile section */

/* Begin PBXCopyFilesBuildPhase section */
		199BF69F2A6D5698007A0C2A /* CopyFiles */ = {
			isa = PBXCopyFilesBuildPhase;
			buildActionMask = 2147483647;
			dstPath = /usr/share/man/man1/;
			dstSubfolderSpec = 0;
			files = (
			);
			runOnlyForDeploymentPostprocessing = 1;
		};
/* End PBXCopyFilesBuildPhase section */

/* Begin PBXFileReference section */
		199BF6A12A6D5698007A0C2A /* GenericsStudy */ = {isa = PBXFileReference; explicitFileType = "compiled.mach-o.executable"; includeInIndex = 0; path = GenericsStudy; sourceTree = BUILT_PRODUCTS_DIR; };
		199BF6A42A6D5698007A0C2A /* main.swift */ = {isa = PBXFileReference; lastKnownFileType = sourcecode.swift; path = main.swift; sourceTree = "<group>"; };
		199BF6AB2A6D5894007A0C2A /* Concepts.md */ = {isa = PBXFileReference; lastKnownFileType = net.daringfireball.markdown; path = Concepts.md; sourceTree = "<group>"; };
		199BF6AD2A6D59F1007A0C2A /* Animal.swift */ = {isa = PBXFileReference; lastKnownFileType = sourcecode.swift; path = Animal.swift; sourceTree = "<group>"; };
		199BF6AF2A6D59FA007A0C2A /* Food.swift */ = {isa = PBXFileReference; lastKnownFileType = sourcecode.swift; path = Food.swift; sourceTree = "<group>"; };
		199BF6B22A6D5A24007A0C2A /* Chicken.swift */ = {isa = PBXFileReference; lastKnownFileType = sourcecode.swift; path = Chicken.swift; sourceTree = "<group>"; };
		199BF6B42A6D5A30007A0C2A /* Cow.swift */ = {isa = PBXFileReference; lastKnownFileType = sourcecode.swift; path = Cow.swift; sourceTree = "<group>"; };
		199BF6B62A6D5A42007A0C2A /* Egg.swift */ = {isa = PBXFileReference; lastKnownFileType = sourcecode.swift; path = Egg.swift; sourceTree = "<group>"; };
		199BF6B82A6D5A4E007A0C2A /* Milk.swift */ = {isa = PBXFileReference; lastKnownFileType = sourcecode.swift; path = Milk.swift; sourceTree = "<group>"; };
		199BF6BA2A6D5CFD007A0C2A /* Farm.swift */ = {isa = PBXFileReference; lastKnownFileType = sourcecode.swift; path = Farm.swift; sourceTree = "<group>"; };
		199BF6BC2A6D5FFD007A0C2A /* AnimalFeed.swift */ = {isa = PBXFileReference; lastKnownFileType = sourcecode.swift; path = AnimalFeed.swift; sourceTree = "<group>"; };
		199BF6BE2A6D603F007A0C2A /* Scratch.swift */ = {isa = PBXFileReference; lastKnownFileType = sourcecode.swift; path = Scratch.swift; sourceTree = "<group>"; };
		199BF6C02A6D607E007A0C2A /* Hay.swift */ = {isa = PBXFileReference; lastKnownFileType = sourcecode.swift; path = Hay.swift; sourceTree = "<group>"; };
		199BF6C22A6D6A20007A0C2A /* Crop.swift */ = {isa = PBXFileReference; lastKnownFileType = sourcecode.swift; path = Crop.swift; sourceTree = "<group>"; };
		199BF6C42A6D6DBE007A0C2A /* Alfalfa.swift */ = {isa = PBXFileReference; lastKnownFileType = sourcecode.swift; path = Alfalfa.swift; sourceTree = "<group>"; };
		199BF6C62A6D6F3E007A0C2A /* Millet.swift */ = {isa = PBXFileReference; lastKnownFileType = sourcecode.swift; path = Millet.swift; sourceTree = "<group>"; };
/* End PBXFileReference section */

/* Begin PBXFrameworksBuildPhase section */
		199BF69E2A6D5698007A0C2A /* Frameworks */ = {
			isa = PBXFrameworksBuildPhase;
			buildActionMask = 2147483647;
			files = (
			);
			runOnlyForDeploymentPostprocessing = 0;
		};
/* End PBXFrameworksBuildPhase section */

/* Begin PBXGroup section */
		199BF6982A6D5698007A0C2A = {
			isa = PBXGroup;
			children = (
				199BF6AB2A6D5894007A0C2A /* Concepts.md */,
				199BF6A32A6D5698007A0C2A /* GenericsStudy */,
				199BF6A22A6D5698007A0C2A /* Products */,
			);
			sourceTree = "<group>";
		};
		199BF6A22A6D5698007A0C2A /* Products */ = {
			isa = PBXGroup;
			children = (
				199BF6A12A6D5698007A0C2A /* GenericsStudy */,
			);
			name = Products;
			sourceTree = "<group>";
		};
		199BF6A32A6D5698007A0C2A /* GenericsStudy */ = {
			isa = PBXGroup;
			children = (
				199BF6AC2A6D59E3007A0C2A /* Protocol */,
				199BF6B12A6D5A11007A0C2A /* Model */,
				199BF6A42A6D5698007A0C2A /* main.swift */,
			);
			path = GenericsStudy;
			sourceTree = "<group>";
		};
		199BF6AC2A6D59E3007A0C2A /* Protocol */ = {
			isa = PBXGroup;
			children = (
				199BF6AD2A6D59F1007A0C2A /* Animal.swift */,
				199BF6AF2A6D59FA007A0C2A /* Food.swift */,
				199BF6BC2A6D5FFD007A0C2A /* AnimalFeed.swift */,
				199BF6C22A6D6A20007A0C2A /* Crop.swift */,
			);
			path = Protocol;
			sourceTree = "<group>";
		};
		199BF6B12A6D5A11007A0C2A /* Model */ = {
			isa = PBXGroup;
			children = (
				199BF6B22A6D5A24007A0C2A /* Chicken.swift */,
				199BF6B42A6D5A30007A0C2A /* Cow.swift */,
				199BF6B62A6D5A42007A0C2A /* Egg.swift */,
				199BF6B82A6D5A4E007A0C2A /* Milk.swift */,
				199BF6BA2A6D5CFD007A0C2A /* Farm.swift */,
				199BF6BE2A6D603F007A0C2A /* Scratch.swift */,
				199BF6C02A6D607E007A0C2A /* Hay.swift */,
				199BF6C42A6D6DBE007A0C2A /* Alfalfa.swift */,
				199BF6C62A6D6F3E007A0C2A /* Millet.swift */,
			);
			path = Model;
			sourceTree = "<group>";
		};
/* End PBXGroup section */

/* Begin PBXNativeTarget section */
		199BF6A02A6D5698007A0C2A /* GenericsStudy */ = {
			isa = PBXNativeTarget;
			buildConfigurationList = 199BF6A82A6D5698007A0C2A /* Build configuration list for PBXNativeTarget "GenericsStudy" */;
			buildPhases = (
				199BF69D2A6D5698007A0C2A /* Sources */,
				199BF69E2A6D5698007A0C2A /* Frameworks */,
				199BF69F2A6D5698007A0C2A /* CopyFiles */,
			);
			buildRules = (
			);
			dependencies = (
			);
			name = GenericsStudy;
			productName = GenericsStudy;
			productReference = 199BF6A12A6D5698007A0C2A /* GenericsStudy */;
			productType = "com.apple.product-type.tool";
		};
/* End PBXNativeTarget section */

/* Begin PBXProject section */
		199BF6992A6D5698007A0C2A /* Project object */ = {
			isa = PBXProject;
			attributes = {
				BuildIndependentTargetsInParallel = 1;
				LastSwiftUpdateCheck = 1430;
				LastUpgradeCheck = 1430;
				TargetAttributes = {
					199BF6A02A6D5698007A0C2A = {
						CreatedOnToolsVersion = 14.3.1;
					};
				};
			};
			buildConfigurationList = 199BF69C2A6D5698007A0C2A /* Build configuration list for PBXProject "GenericsStudy" */;
			compatibilityVersion = "Xcode 14.0";
			developmentRegion = en;
			hasScannedForEncodings = 0;
			knownRegions = (
				en,
				Base,
			);
			mainGroup = 199BF6982A6D5698007A0C2A;
			productRefGroup = 199BF6A22A6D5698007A0C2A /* Products */;
			projectDirPath = "";
			projectRoot = "";
			targets = (
				199BF6A02A6D5698007A0C2A /* GenericsStudy */,
			);
		};
/* End PBXProject section */

/* Begin PBXSourcesBuildPhase section */
		199BF69D2A6D5698007A0C2A /* Sources */ = {
			isa = PBXSourcesBuildPhase;
			buildActionMask = 2147483647;
			files = (
				199BF6C72A6D6F3E007A0C2A /* Millet.swift in Sources */,
				199BF6A52A6D5698007A0C2A /* main.swift in Sources */,
				199BF6B52A6D5A30007A0C2A /* Cow.swift in Sources */,
				199BF6B32A6D5A24007A0C2A /* Chicken.swift in Sources */,
				199BF6BF2A6D603F007A0C2A /* Scratch.swift in Sources */,
				199BF6C52A6D6DBE007A0C2A /* Alfalfa.swift in Sources */,
				199BF6BB2A6D5CFD007A0C2A /* Farm.swift in Sources */,
				199BF6C32A6D6A20007A0C2A /* Crop.swift in Sources */,
				199BF6B92A6D5A4E007A0C2A /* Milk.swift in Sources */,
				199BF6B72A6D5A42007A0C2A /* Egg.swift in Sources */,
				199BF6AE2A6D59F1007A0C2A /* Animal.swift in Sources */,
				199BF6B02A6D59FA007A0C2A /* Food.swift in Sources */,
				199BF6C12A6D607E007A0C2A /* Hay.swift in Sources */,
				199BF6BD2A6D5FFD007A0C2A /* AnimalFeed.swift in Sources */,
			);
			runOnlyForDeploymentPostprocessing = 0;
		};
/* End PBXSourcesBuildPhase section */

/* Begin XCBuildConfiguration section */
		199BF6A62A6D5698007A0C2A /* Debug */ = {
			isa = XCBuildConfiguration;
			buildSettings = {
				ALWAYS_SEARCH_USER_PATHS = NO;
				CLANG_ANALYZER_NONNULL = YES;
				CLANG_ANALYZER_NUMBER_OBJECT_CONVERSION = YES_AGGRESSIVE;
				CLANG_CXX_LANGUAGE_STANDARD = "gnu++20";
				CLANG_ENABLE_MODULES = YES;
				CLANG_ENABLE_OBJC_ARC = YES;
				CLANG_ENABLE_OBJC_WEAK = YES;
				CLANG_WARN_BLOCK_CAPTURE_AUTORELEASING = YES;
				CLANG_WARN_BOOL_CONVERSION = YES;
				CLANG_WARN_COMMA = YES;
				CLANG_WARN_CONSTANT_CONVERSION = YES;
				CLANG_WARN_DEPRECATED_OBJC_IMPLEMENTATIONS = YES;
				CLANG_WARN_DIRECT_OBJC_ISA_USAGE = YES_ERROR;
				CLANG_WARN_DOCUMENTATION_COMMENTS = YES;
				CLANG_WARN_EMPTY_BODY = YES;
				CLANG_WARN_ENUM_CONVERSION = YES;
				CLANG_WARN_INFINITE_RECURSION = YES;
				CLANG_WARN_INT_CONVERSION = YES;
				CLANG_WARN_NON_LITERAL_NULL_CONVERSION = YES;
				CLANG_WARN_OBJC_IMPLICIT_RETAIN_SELF = YES;
				CLANG_WARN_OBJC_LITERAL_CONVERSION = YES;
				CLANG_WARN_OBJC_ROOT_CLASS = YES_ERROR;
				CLANG_WARN_QUOTED_INCLUDE_IN_FRAMEWORK_HEADER = YES;
				CLANG_WARN_RANGE_LOOP_ANALYSIS = YES;
				CLANG_WARN_STRICT_PROTOTYPES = YES;
				CLANG_WARN_SUSPICIOUS_MOVE = YES;
				CLANG_WARN_UNGUARDED_AVAILABILITY = YES_AGGRESSIVE;
				CLANG_WARN_UNREACHABLE_CODE = YES;
				CLANG_WARN__DUPLICATE_METHOD_MATCH = YES;
				COPY_PHASE_STRIP = NO;
				DEBUG_INFORMATION_FORMAT = dwarf;
				ENABLE_STRICT_OBJC_MSGSEND = YES;
				ENABLE_TESTABILITY = YES;
				GCC_C_LANGUAGE_STANDARD = gnu11;
				GCC_DYNAMIC_NO_PIC = NO;
				GCC_NO_COMMON_BLOCKS = YES;
				GCC_OPTIMIZATION_LEVEL = 0;
				GCC_PREPROCESSOR_DEFINITIONS = (
					"DEBUG=1",
					"$(inherited)",
				);
				GCC_WARN_64_TO_32_BIT_CONVERSION = YES;
				GCC_WARN_ABOUT_RETURN_TYPE = YES_ERROR;
				GCC_WARN_UNDECLARED_SELECTOR = YES;
				GCC_WARN_UNINITIALIZED_AUTOS = YES_AGGRESSIVE;
				GCC_WARN_UNUSED_FUNCTION = YES;
				GCC_WARN_UNUSED_VARIABLE = YES;
				MACOSX_DEPLOYMENT_TARGET = 13.3;
				MTL_ENABLE_DEBUG_INFO = INCLUDE_SOURCE;
				MTL_FAST_MATH = YES;
				ONLY_ACTIVE_ARCH = YES;
				SDKROOT = macosx;
				SWIFT_ACTIVE_COMPILATION_CONDITIONS = DEBUG;
				SWIFT_OPTIMIZATION_LEVEL = "-Onone";
			};
			name = Debug;
		};
		199BF6A72A6D5698007A0C2A /* Release */ = {
			isa = XCBuildConfiguration;
			buildSettings = {
				ALWAYS_SEARCH_USER_PATHS = NO;
				CLANG_ANALYZER_NONNULL = YES;
				CLANG_ANALYZER_NUMBER_OBJECT_CONVERSION = YES_AGGRESSIVE;
				CLANG_CXX_LANGUAGE_STANDARD = "gnu++20";
				CLANG_ENABLE_MODULES = YES;
				CLANG_ENABLE_OBJC_ARC = YES;
				CLANG_ENABLE_OBJC_WEAK = YES;
				CLANG_WARN_BLOCK_CAPTURE_AUTORELEASING = YES;
				CLANG_WARN_BOOL_CONVERSION = YES;
				CLANG_WARN_COMMA = YES;
				CLANG_WARN_CONSTANT_CONVERSION = YES;
				CLANG_WARN_DEPRECATED_OBJC_IMPLEMENTATIONS = YES;
				CLANG_WARN_DIRECT_OBJC_ISA_USAGE = YES_ERROR;
				CLANG_WARN_DOCUMENTATION_COMMENTS = YES;
				CLANG_WARN_EMPTY_BODY = YES;
				CLANG_WARN_ENUM_CONVERSION = YES;
				CLANG_WARN_INFINITE_RECURSION = YES;
				CLANG_WARN_INT_CONVERSION = YES;
				CLANG_WARN_NON_LITERAL_NULL_CONVERSION = YES;
				CLANG_WARN_OBJC_IMPLICIT_RETAIN_SELF = YES;
				CLANG_WARN_OBJC_LITERAL_CONVERSION = YES;
				CLANG_WARN_OBJC_ROOT_CLASS = YES_ERROR;
				CLANG_WARN_QUOTED_INCLUDE_IN_FRAMEWORK_HEADER = YES;
				CLANG_WARN_RANGE_LOOP_ANALYSIS = YES;
				CLANG_WARN_STRICT_PROTOTYPES = YES;
				CLANG_WARN_SUSPICIOUS_MOVE = YES;
				CLANG_WARN_UNGUARDED_AVAILABILITY = YES_AGGRESSIVE;
				CLANG_WARN_UNREACHABLE_CODE = YES;
				CLANG_WARN__DUPLICATE_METHOD_MATCH = YES;
				COPY_PHASE_STRIP = NO;
				DEBUG_INFORMATION_FORMAT = "dwarf-with-dsym";
				ENABLE_NS_ASSERTIONS = NO;
				ENABLE_STRICT_OBJC_MSGSEND = YES;
				GCC_C_LANGUAGE_STANDARD = gnu11;
				GCC_NO_COMMON_BLOCKS = YES;
				GCC_WARN_64_TO_32_BIT_CONVERSION = YES;
				GCC_WARN_ABOUT_RETURN_TYPE = YES_ERROR;
				GCC_WARN_UNDECLARED_SELECTOR = YES;
				GCC_WARN_UNINITIALIZED_AUTOS = YES_AGGRESSIVE;
				GCC_WARN_UNUSED_FUNCTION = YES;
				GCC_WARN_UNUSED_VARIABLE = YES;
				MACOSX_DEPLOYMENT_TARGET = 13.3;
				MTL_ENABLE_DEBUG_INFO = NO;
				MTL_FAST_MATH = YES;
				SDKROOT = macosx;
				SWIFT_COMPILATION_MODE = wholemodule;
				SWIFT_OPTIMIZATION_LEVEL = "-O";
			};
			name = Release;
		};
		199BF6A92A6D5698007A0C2A /* Debug */ = {
			isa = XCBuildConfiguration;
			buildSettings = {
				CODE_SIGN_STYLE = Automatic;
				PRODUCT_NAME = "$(TARGET_NAME)";
				SWIFT_VERSION = 5.0;
			};
			name = Debug;
		};
		199BF6AA2A6D5698007A0C2A /* Release */ = {
			isa = XCBuildConfiguration;
			buildSettings = {
				CODE_SIGN_STYLE = Automatic;
				PRODUCT_NAME = "$(TARGET_NAME)";
				SWIFT_VERSION = 5.0;
			};
			name = Release;
		};
/* End XCBuildConfiguration section */

/* Begin XCConfigurationList section */
		199BF69C2A6D5698007A0C2A /* Build configuration list for PBXProject "GenericsStudy" */ = {
			isa = XCConfigurationList;
			buildConfigurations = (
				199BF6A62A6D5698007A0C2A /* Debug */,
				199BF6A72A6D5698007A0C2A /* Release */,
			);
			defaultConfigurationIsVisible = 0;
			defaultConfigurationName = Release;
		};
		199BF6A82A6D5698007A0C2A /* Build configuration list for PBXNativeTarget "GenericsStudy" */ = {
			isa = XCConfigurationList;
			buildConfigurations = (
				199BF6A92A6D5698007A0C2A /* Debug */,
				199BF6AA2A6D5698007A0C2A /* Release */,
			);
			defaultConfigurationIsVisible = 0;
			defaultConfigurationName = Release;
		};
/* End XCConfigurationList section */
	};
	rootObject = 199BF6992A6D5698007A0C2A /* Project object */;
}
